
Microsoft Visual Studio Solution File, Format Version 12.00
# Visual Studio Version 18
VisualStudioVersion = 18.4.11626.88 stable
MinimumVisualStudioVersion = 10.0.40219.1
Project("{FAE04EC0-301F-11D3-BF4B-00C04F79EFBC}") = "GameGaraj.Catalog.API", "GameGaraj.Catalog.API\GameGaraj.Catalog.API.csproj", "{90A3A8B8-78FA-4DAC-9EFD-AA865BA8EA23}"
EndProject
Project("{FAE04EC0-301F-11D3-BF4B-00C04F79EFBC}") = "GameGaraj.PhotoStock.API", "GameGaraj.PhotoStock.API\GameGaraj.PhotoStock.API.csproj", "{45198A82-A044-4498-A2AD-14877C6BE6CD}"
EndProject
Project("{FAE04EC0-301F-11D3-BF4B-00C04F79EFBC}") = "GameGaraj.Payment.API", "GameGaraj.Payment.API\GameGaraj.Payment.API.csproj", "{D02CFE4C-1A6B-495E-998C-C8048176C0D0}"
EndProject
Project("{FAE04EC0-301F-11D3-BF4B-00C04F79EFBC}") = "GameGaraj.Basket.API", "GameGaraj.Basket.API\GameGaraj.Basket.API.csproj", "{56B0C11E-EF43-4D3C-BF78-79004DA31DC8}"
EndProject
Project("{FAE04EC0-301F-11D3-BF4B-00C04F79EFBC}") = "GameGaraj.Gateway", "GameGaraj.Gateway\GameGaraj.Gateway.csproj", "{2F4C2E88-0B31-4711-974B-7D39334D74BD}"
EndProject
Project("{2150E333-8FDC-42A3-9474-1A3956D46DE8}") = "Services", "Services", "{02EA681E-C7D8-13C7-8484-4AC65E1B71E8}"
EndProject
Project("{FAE04EC0-301F-11D3-BF4B-00C04F79EFBC}") = "GameGaraj.Discount.API", "GameGaraj.Discount.API\GameGaraj.Discount.API.csproj", "{CB86C2FB-20AB-4364-8EB1-602EAD09221C}"
EndProject
Project("{FAE04EC0-301F-11D3-BF4B-00C04F79EFBC}") = "GameGaraj.Order.API", "GameGaraj.Order.API\GameGaraj.Order.API.csproj", "{E3B74F13-C9B8-4D57-BF29-668953C6E598}"
EndProject
Project("{FAE04EC0-301F-11D3-BF4B-00C04F79EFBC}") = "GameGaraj.Order.Application", "GameGaraj.Order.Application\GameGaraj.Order.Application.csproj", "{ED0F7741-41F0-4351-B1B1-7098D200A662}"
EndProject
Project("{2150E333-8FDC-42A3-9474-1A3956D46DE8}") = "Order", "Order", "{F914B69C-185C-4041-AE55-2457CED7E931}"
EndProject
Project("{FAE04EC0-301F-11D3-BF4B-00C04F79EFBC}") = "GameGaraj.WebUI", "GameGaraj.WebUI\GameGaraj.WebUI.csproj", "{6B6E3237-94A5-4037-BDB7-B08A7FEFC508}"
EndProject
Project("{FAE04EC0-301F-11D3-BF4B-00C04F79EFBC}") = "GameGaraj.Order.Domain", "GameGaraj.Order.Domain\GameGaraj.Order.Domain.csproj", "{7DE6CFB8-9546-40F7-B7D8-F3AA128E6469}"
EndProject
Project("{FAE04EC0-301F-11D3-BF4B-00C04F79EFBC}") = "GameGaraj.Order.Infrastructure", "GameGaraj.Order.Infrastructure\GameGaraj.Order.Infrastructure.csproj", "{5CF01927-D3BE-49FC-995D-D254E84C7265}"
EndProject
Project("{FAE04EC0-301F-11D3-BF4B-00C04F79EFBC}") = "GameGaraj.Invoice.API", "GameGaraj.Invoice.API\GameGaraj.Invoice.API.csproj", "{5BA22E01-DE56-4362-EB18-5942A71A3F77}"
EndProject
Project("{FAE04EC0-301F-11D3-BF4B-00C04F79EFBC}") = "GameGaraj.Shared", "GameGaraj.Shared\GameGaraj.Shared.csproj", "{C861F14F-5CDE-F877-B44B-84903C52DCA0}"
EndProject
Project("{FAE04EC0-301F-11D3-BF4B-00C04F79EFBC}") = "GameGaraj.Campaign.API", "GameGaraj.Campaign.API\GameGaraj.Campaign.API.csproj", "{3790BE58-A238-479D-AD3E-24BA0BC5067D}"
EndProject
Global
	GlobalSection(SolutionConfigurationPlatforms) = preSolution
		Debug|Any CPU = Debug|Any CPU
		Debug|x64 = Debug|x64
		Debug|x86 = Debug|x86
		Release|Any CPU = Release|Any CPU
		Release|x64 = Release|x64
		Release|x86 = Release|x86
	EndGlobalSection
	GlobalSection(ProjectConfigurationPlatforms) = postSolution
		{90A3A8B8-78FA-4DAC-9EFD-AA865BA8EA23}.Debug|Any CPU.ActiveCfg = Debug|Any CPU
		{90A3A8B8-78FA-4DAC-9EFD-AA865BA8EA23}.Debug|Any CPU.Build.0 = Debug|Any CPU
		{90A3A8B8-78FA-4DAC-9EFD-AA865BA8EA23}.Debug|x64.ActiveCfg = Debug|Any CPU
		{90A3A8B8-78FA-4DAC-9EFD-AA865BA8EA23}.Debug|x64.Build.0 = Debug|Any CPU
		{90A3A8B8-78FA-4DAC-9EFD-AA865BA8EA23}.Debug|x86.ActiveCfg = Debug|Any CPU
		{90A3A8B8-78FA-4DAC-9EFD-AA865BA8EA23}.Debug|x86.Build.0 = Debug|Any CPU
		{90A3A8B8-78FA-4DAC-9EFD-AA865BA8EA23}.Release|Any CPU.ActiveCfg = Release|Any CPU
		{90A3A8B8-78FA-4DAC-9EFD-AA865BA8EA23}.Release|Any CPU.Build.0 = Release|Any CPU
		{90A3A8B8-78FA-4DAC-9EFD-AA865BA8EA23}.Release|x64.ActiveCfg = Release|Any CPU
		{90A3A8B8-78FA-4DAC-9EFD-AA865BA8EA23}.Release|x64.Build.0 = Release|Any CPU
		{90A3A8B8-78FA-4DAC-9EFD-AA865BA8EA23}.Release|x86.ActiveCfg = Release|Any CPU
		{90A3A8B8-78FA-4DAC-9EFD-AA865BA8EA23}.Release|x86.Build.0 = Release|Any CPU
		{45198A82-A044-4498-A2AD-14877C6BE6CD}.Debug|Any CPU.ActiveCfg = Debug|Any CPU
		{45198A82-A044-4498-A2AD-14877C6BE6CD}.Debug|Any CPU.Build.0 = Debug|Any CPU
		{45198A82-A044-4498-A2AD-14877C6BE6CD}.Debug|x64.ActiveCfg = Debug|Any CPU
		{45198A82-A044-4498-A2AD-14877C6BE6CD}.Debug|x64.Build.0 = Debug|Any CPU
		{45198A82-A044-4498-A2AD-14877C6BE6CD}.Debug|x86.ActiveCfg = Debug|Any CPU
		{45198A82-A044-4498-A2AD-14877C6BE6CD}.Debug|x86.Build.0 = Debug|Any CPU
		{45198A82-A044-4498-A2AD-14877C6BE6CD}.Release|Any CPU.ActiveCfg = Release|Any CPU
		{45198A82-A044-4498-A2AD-14877C6BE6CD}.Release|Any CPU.Build.0 = Release|Any CPU
		{45198A82-A044-4498-A2AD-14877C6BE6CD}.Release|x64.ActiveCfg = Release|Any CPU
		{45198A82-A044-4498-A2AD-14877C6BE6CD}.Release|x64.Build.0 = Release|Any CPU
		{45198A82-A044-4498-A2AD-14877C6BE6CD}.Release|x86.ActiveCfg = Release|Any CPU
		{45198A82-A044-4498-A2AD-14877C6BE6CD}.Release|x86.Build.0 = Release|Any CPU
		{D02CFE4C-1A6B-495E-998C-C8048176C0D0}.Debug|Any CPU.ActiveCfg = Debug|Any CPU
		{D02CFE4C-1A6B-495E-998C-C8048176C0D0}.Debug|Any CPU.Build.0 = Debug|Any CPU
		{D02CFE4C-1A6B-495E-998C-C8048176C0D0}.Debug|x64.ActiveCfg = Debug|Any CPU
		{D02CFE4C-1A6B-495E-998C-C8048176C0D0}.Debug|x64.Build.0 = Debug|Any CPU
		{D02CFE4C-1A6B-495E-998C-C8048176C0D0}.Debug|x86.ActiveCfg = Debug|Any CPU
		{D02CFE4C-1A6B-495E-998C-C8048176C0D0}.Debug|x86.Build.0 = Debug|Any CPU
		{D02CFE4C-1A6B-495E-998C-C8048176C0D0}.Release|Any CPU.ActiveCfg = Release|Any CPU
		{D02CFE4C-1A6B-495E-998C-C8048176C0D0}.Release|Any CPU.Build.0 = Release|Any CPU
		{D02CFE4C-1A6B-495E-998C-C8048176C0D0}.Release|x64.ActiveCfg = Release|Any CPU
		{D02CFE4C-1A6B-495E-998C-C8048176C0D0}.Release|x64.Build.0 = Release|Any CPU
		{D02CFE4C-1A6B-495E-998C-C8048176C0D0}.Release|x86.ActiveCfg = Release|Any CPU
		{D02CFE4C-1A6B-495E-998C-C8048176C0D0}.Release|x86.Build.0 = Release|Any CPU
		{56B0C11E-EF43-4D3C-BF78-79004DA31DC8}.Debug|Any CPU.ActiveCfg = Debug|Any CPU
		{56B0C11E-EF43-4D3C-BF78-79004DA31DC8}.Debug|Any CPU.Build.0 = Debug|Any CPU
		{56B0C11E-EF43-4D3C-BF78-79004DA31DC8}.Debug|x64.ActiveCfg = Debug|Any CPU
		{56B0C11E-EF43-4D3C-BF78-79004DA31DC8}.Debug|x64.Build.0 = Debug|Any CPU
		{56B0C11E-EF43-4D3C-BF78-79004DA31DC8}.Debug|x86.ActiveCfg = Debug|Any CPU
		{56B0C11E-EF43-4D3C-BF78-79004DA31DC8}.Debug|x86.Build.0 = Debug|Any CPU
		{56B0C11E-EF43-4D3C-BF78-79004DA31DC8}.Release|Any CPU.ActiveCfg = Release|Any CPU
		{56B0C11E-EF43-4D3C-BF78-79004DA31DC8}.Release|Any CPU.Build.0 = Release|Any CPU
		{56B0C11E-EF43-4D3C-BF78-79004DA31DC8}.Release|x64.ActiveCfg = Release|Any CPU
		{56B0C11E-EF43-4D3C-BF78-79004DA31DC8}.Release|x64.Build.0 = Release|Any CPU
		{56B0C11E-EF43-4D3C-BF78-79004DA31DC8}.Release|x86.ActiveCfg = Release|Any CPU
		{56B0C11E-EF43-4D3C-BF78-79004DA31DC8}.Release|x86.Build.0 = Release|Any CPU
		{2F4C2E88-0B31-4711-974B-7D39334D74BD}.Debug|Any CPU.ActiveCfg = Debug|Any CPU
		{2F4C2E88-0B31-4711-974B-7D39334D74BD}.Debug|Any CPU.Build.0 = Debug|Any CPU
		{2F4C2E88-0B31-4711-974B-7D39334D74BD}.Debug|x64.ActiveCfg = Debug|Any CPU
		{2F4C2E88-0B31-4711-974B-7D39334D74BD}.Debug|x64.Build.0 = Debug|Any CPU
		{2F4C2E88-0B31-4711-974B-7D39334D74BD}.Debug|x86.ActiveCfg = Debug|Any CPU
		{2F4C2E88-0B31-4711-974B-7D39334D74BD}.Debug|x86.Build.0 = Debug|Any CPU
		{2F4C2E88-0B31-4711-974B-7D39334D74BD}.Release|Any CPU.ActiveCfg = Release|Any CPU
		{2F4C2E88-0B31-4711-974B-7D39334D74BD}.Release|Any CPU.Build.0 = Release|Any CPU
		{2F4C2E88-0B31-4711-974B-7D39334D74BD}.Release|x64.ActiveCfg = Release|Any CPU
		{2F4C2E88-0B31-4711-974B-7D39334D74BD}.Release|x64.Build.0 = Release|Any CPU
		{2F4C2E88-0B31-4711-974B-7D39334D74BD}.Release|x86.ActiveCfg = Release|Any CPU
		{2F4C2E88-0B31-4711-974B-7D39334D74BD}.Release|x86.Build.0 = Release|Any CPU
		{CB86C2FB-20AB-4364-8EB1-602EAD09221C}.Debug|Any CPU.ActiveCfg = Debug|Any CPU
		{CB86C2FB-20AB-4364-8EB1-602EAD09221C}.Debug|Any CPU.Build.0 = Debug|Any CPU
		{CB86C2FB-20AB-4364-8EB1-602EAD09221C}.Debug|x64.ActiveCfg = Debug|Any CPU
		{CB86C2FB-20AB-4364-8EB1-602EAD09221C}.Debug|x64.Build.0 = Debug|Any CPU
		{CB86C2FB-20AB-4364-8EB1-602EAD09221C}.Debug|x86.ActiveCfg = Debug|Any CPU
		{CB86C2FB-20AB-4364-8EB1-602EAD09221C}.Debug|x86.Build.0 = Debug|Any CPU
		{CB86C2FB-20AB-4364-8EB1-602EAD09221C}.Release|Any CPU.ActiveCfg = Release|Any CPU
		{CB86C2FB-20AB-4364-8EB1-602EAD09221C}.Release|Any CPU.Build.0 = Release|Any CPU
		{CB86C2FB-20AB-4364-8EB1-602EAD09221C}.Release|x64.ActiveCfg = Release|Any CPU
		{CB86C2FB-20AB-4364-8EB1-602EAD09221C}.Release|x64.Build.0 = Release|Any CPU
		{CB86C2FB-20AB-4364-8EB1-602EAD09221C}.Release|x86.ActiveCfg = Release|Any CPU
		{CB86C2FB-20AB-4364-8EB1-602EAD09221C}.Release|x86.Build.0 = Release|Any CPU
		{E3B74F13-C9B8-4D57-BF29-668953C6E598}.Debug|Any CPU.ActiveCfg = Debug|Any CPU
		{E3B74F13-C9B8-4D57-BF29-668953C6E598}.Debug|Any CPU.Build.0 = Debug|Any CPU
		{E3B74F13-C9B8-4D57-BF29-668953C6E598}.Debug|x64.ActiveCfg = Debug|Any CPU
		{E3B74F13-C9B8-4D57-BF29-668953C6E598}.Debug|x64.Build.0 = Debug|Any CPU
		{E3B74F13-C9B8-4D57-BF29-668953C6E598}.Debug|x86.ActiveCfg = Debug|Any CPU
		{E3B74F13-C9B8-4D57-BF29-668953C6E598}.Debug|x86.Build.0 = Debug|Any CPU
		{E3B74F13-C9B8-4D57-BF29-668953C6E598}.Release|Any CPU.ActiveCfg = Release|Any CPU
		{E3B74F13-C9B8-4D57-BF29-668953C6E598}.Release|Any CPU.Build.0 = Release|Any CPU
		{E3B74F13-C9B8-4D57-BF29-668953C6E598}.Release|x64.ActiveCfg = Release|Any CPU
		{E3B74F13-C9B8-4D57-BF29-668953C6E598}.Release|x64.Build.0 = Release|Any CPU
		{E3B74F13-C9B8-4D57-BF29-668953C6E598}.Release|x86.ActiveCfg = Release|Any CPU
		{E3B74F13-C9B8-4D57-BF29-668953C6E598}.Release|x86.Build.0 = Release|Any CPU
		{ED0F7741-41F0-4351-B1B1-7098D200A662}.Debug|Any CPU.ActiveCfg = Debug|Any CPU
		{ED0F7741-41F0-4351-B1B1-7098D200A662}.Debug|Any CPU.Build.0 = Debug|Any CPU
		{ED0F7741-41F0-4351-B1B1-7098D200A662}.Debug|x64.ActiveCfg = Debug|Any CPU
		{ED0F7741-41F0-4351-B1B1-7098D200A662}.Debug|x64.Build.0 = Debug|Any CPU
		{ED0F7741-41F0-4351-B1B1-7098D200A662}.Debug|x86.ActiveCfg = Debug|Any CPU
		{ED0F7741-41F0-4351-B1B1-7098D200A662}.Debug|x86.Build.0 = Debug|Any CPU
		{ED0F7741-41F0-4351-B1B1-7098D200A662}.Release|Any CPU.ActiveCfg = Release|Any CPU
		{ED0F7741-41F0-4351-B1B1-7098D200A662}.Release|Any CPU.Build.0 = Release|Any CPU
		{ED0F7741-41F0-4351-B1B1-7098D200A662}.Release|x64.ActiveCfg = Release|Any CPU
		{ED0F7741-41F0-4351-B1B1-7098D200A662}.Release|x64.Build.0 = Release|Any CPU
		{ED0F7741-41F0-4351-B1B1-7098D200A662}.Release|x86.ActiveCfg = Release|Any CPU
		{ED0F7741-41F0-4351-B1B1-7098D200A662}.Release|x86.Build.0 = Release|Any CPU
		{6B6E3237-94A5-4037-BDB7-B08A7FEFC508}.Debug|Any CPU.ActiveCfg = Debug|Any CPU
		{6B6E3237-94A5-4037-BDB7-B08A7FEFC508}.Debug|Any CPU.Build.0 = Debug|Any CPU
		{6B6E3237-94A5-4037-BDB7-B08A7FEFC508}.Debug|x64.ActiveCfg = Debug|Any CPU
		{6B6E3237-94A5-4037-BDB7-B08A7FEFC508}.Debug|x64.Build.0 = Debug|Any CPU
		{6B6E3237-94A5-4037-BDB7-B08A7FEFC508}.Debug|x86.ActiveCfg = Debug|Any CPU
		{6B6E3237-94A5-4037-BDB7-B08A7FEFC508}.Debug|x86.Build.0 = Debug|Any CPU
		{6B6E3237-94A5-4037-BDB7-B08A7FEFC508}.Release|Any CPU.ActiveCfg = Release|Any CPU
		{6B6E3237-94A5-4037-BDB7-B08A7FEFC508}.Release|Any CPU.Build.0 = Release|Any CPU
		{6B6E3237-94A5-4037-BDB7-B08A7FEFC508}.Release|x64.ActiveCfg = Release|Any CPU
		{6B6E3237-94A5-4037-BDB7-B08A7FEFC508}.Release|x64.Build.0 = Release|Any CPU
		{6B6E3237-94A5-4037-BDB7-B08A7FEFC508}.Release|x86.ActiveCfg = Release|Any CPU
		{6B6E3237-94A5-4037-BDB7-B08A7FEFC508}.Release|x86.Build.0 = Release|Any CPU
		{7DE6CFB8-9546-40F7-B7D8-F3AA128E6469}.Debug|Any CPU.ActiveCfg = Debug|Any CPU
		{7DE6CFB8-9546-40F7-B7D8-F3AA128E6469}.Debug|Any CPU.Build.0 = Debug|Any CPU
		{7DE6CFB8-9546-40F7-B7D8-F3AA128E6469}.Debug|x64.ActiveCfg = Debug|Any CPU
		{7DE6CFB8-9546-40F7-B7D8-F3AA128E6469}.Debug|x64.Build.0 = Debug|Any CPU
		{7DE6CFB8-9546-40F7-B7D8-F3AA128E6469}.Debug|x86.ActiveCfg = Debug|Any CPU
		{7DE6CFB8-9546-40F7-B7D8-F3AA128E6469}.Debug|x86.Build.0 = Debug|Any CPU
		{7DE6CFB8-9546-40F7-B7D8-F3AA128E6469}.Release|Any CPU.ActiveCfg = Release|Any CPU
		{7DE6CFB8-9546-40F7-B7D8-F3AA128E6469}.Release|Any CPU.Build.0 = Release|Any CPU
		{7DE6CFB8-9546-40F7-B7D8-F3AA128E6469}.Release|x64.ActiveCfg = Release|Any CPU
		{7DE6CFB8-9546-40F7-B7D8-F3AA128E6469}.Release|x64.Build.0 = Release|Any CPU
		{7DE6CFB8-9546-40F7-B7D8-F3AA128E6469}.Release|x86.ActiveCfg = Release|Any CPU
		{7DE6CFB8-9546-40F7-B7D8-F3AA128E6469}.Release|x86.Build.0 = Release|Any CPU
		{5CF01927-D3BE-49FC-995D-D254E84C7265}.Debug|Any CPU.ActiveCfg = Debug|Any CPU
		{5CF01927-D3BE-49FC-995D-D254E84C7265}.Debug|Any CPU.Build.0 = Debug|Any CPU
		{5CF01927-D3BE-49FC-995D-D254E84C7265}.Debug|x64.ActiveCfg = Debug|Any CPU
		{5CF01927-D3BE-49FC-995D-D254E84C7265}.Debug|x64.Build.0 = Debug|Any CPU
		{5CF01927-D3BE-49FC-995D-D254E84C7265}.Debug|x86.ActiveCfg = Debug|Any CPU
		{5CF01927-D3BE-49FC-995D-D254E84C7265}.Debug|x86.Build.0 = Debug|Any CPU
		{5CF01927-D3BE-49FC-995D-D254E84C7265}.Release|Any CPU.ActiveCfg = Release|Any CPU
		{5CF01927-D3BE-49FC-995D-D254E84C7265}.Release|Any CPU.Build.0 = Release|Any CPU
		{5CF01927-D3BE-49FC-995D-D254E84C7265}.Release|x64.ActiveCfg = Release|Any CPU
		{5CF01927-D3BE-49FC-995D-D254E84C7265}.Release|x64.Build.0 = Release|Any CPU
		{5CF01927-D3BE-49FC-995D-D254E84C7265}.Release|x86.ActiveCfg = Release|Any CPU
		{5CF01927-D3BE-49FC-995D-D254E84C7265}.Release|x86.Build.0 = Release|Any CPU
		{5BA22E01-DE56-4362-EB18-5942A71A3F77}.Debug|Any CPU.ActiveCfg = Debug|Any CPU
		{5BA22E01-DE56-4362-EB18-5942A71A3F77}.Debug|Any CPU.Build.0 = Debug|Any CPU
		{5BA22E01-DE56-4362-EB18-5942A71A3F77}.Debug|x64.ActiveCfg = Debug|Any CPU
		{5BA22E01-DE56-4362-EB18-5942A71A3F77}.Debug|x64.Build.0 = Debug|Any CPU
		{5BA22E01-DE56-4362-EB18-5942A71A3F77}.Debug|x86.ActiveCfg = Debug|Any CPU
		{5BA22E01-DE56-4362-EB18-5942A71A3F77}.Debug|x86.Build.0 = Debug|Any CPU
		{5BA22E01-DE56-4362-EB18-5942A71A3F77}.Release|Any CPU.ActiveCfg = Release|Any CPU
		{5BA22E01-DE56-4362-EB18-5942A71A3F77}.Release|Any CPU.Build.0 = Release|Any CPU
		{5BA22E01-DE56-4362-EB18-5942A71A3F77}.Release|x64.ActiveCfg = Release|Any CPU
		{5BA22E01-DE56-4362-EB18-5942A71A3F77}.Release|x64.Build.0 = Release|Any CPU
		{5BA22E01-DE56-4362-EB18-5942A71A3F77}.Release|x86.ActiveCfg = Release|Any CPU
		{5BA22E01-DE56-4362-EB18-5942A71A3F77}.Release|x86.Build.0 = Release|Any CPU
		{C861F14F-5CDE-F877-B44B-84903C52DCA0}.Debug|Any CPU.ActiveCfg = Debug|Any CPU
		{C861F14F-5CDE-F877-B44B-84903C52DCA0}.Debug|Any CPU.Build.0 = Debug|Any CPU
		{C861F14F-5CDE-F877-B44B-84903C52DCA0}.Debug|x64.ActiveCfg = Debug|Any CPU
		{C861F14F-5CDE-F877-B44B-84903C52DCA0}.Debug|x64.Build.0 = Debug|Any CPU
		{C861F14F-5CDE-F877-B44B-84903C52DCA0}.Debug|x86.ActiveCfg = Debug|Any CPU
		{C861F14F-5CDE-F877-B44B-84903C52DCA0}.Debug|x86.Build.0 = Debug|Any CPU
		{C861F14F-5CDE-F877-B44B-84903C52DCA0}.Release|Any CPU.ActiveCfg = Release|Any CPU
		{C861F14F-5CDE-F877-B44B-84903C52DCA0}.Release|Any CPU.Build.0 = Release|Any CPU
		{C861F14F-5CDE-F877-B44B-84903C52DCA0}.Release|x64.ActiveCfg = Release|Any CPU
		{C861F14F-5CDE-F877-B44B-84903C52DCA0}.Release|x64.Build.0 = Release|Any CPU
		{C861F14F-5CDE-F877-B44B-84903C52DCA0}.Release|x86.ActiveCfg = Release|Any CPU
		{C861F14F-5CDE-F877-B44B-84903C52DCA0}.Release|x86.Build.0 = Release|Any CPU
		{3790BE58-A238-479D-AD3E-24BA0BC5067D}.Debug|Any CPU.ActiveCfg = Debug|Any CPU
		{3790BE58-A238-479D-AD3E-24BA0BC5067D}.Debug|Any CPU.Build.0 = Debug|Any CPU
		{3790BE58-A238-479D-AD3E-24BA0BC5067D}.Debug|x64.ActiveCfg = Debug|Any CPU
		{3790BE58-A238-479D-AD3E-24BA0BC5067D}.Debug|x64.Build.0 = Debug|Any CPU
		{3790BE58-A238-479D-AD3E-24BA0BC5067D}.Debug|x86.ActiveCfg = Debug|Any CPU
		{3790BE58-A238-479D-AD3E-24BA0BC5067D}.Debug|x86.Build.0 = Debug|Any CPU
		{3790BE58-A238-479D-AD3E-24BA0BC5067D}.Release|Any CPU.ActiveCfg = Release|Any CPU
		{3790BE58-A238-479D-AD3E-24BA0BC5067D}.Release|Any CPU.Build.0 = Release|Any CPU
		{3790BE58-A238-479D-AD3E-24BA0BC5067D}.Release|x64.ActiveCfg = Release|Any CPU
		{3790BE58-A238-479D-AD3E-24BA0BC5067D}.Release|x64.Build.0 = Release|Any CPU
		{3790BE58-A238-479D-AD3E-24BA0BC5067D}.Release|x86.ActiveCfg = Release|Any CPU
		{3790BE58-A238-479D-AD3E-24BA0BC5067D}.Release|x86.Build.0 = Release|Any CPU
	EndGlobalSection
	GlobalSection(SolutionProperties) = preSolution
		HideSolutionNode = FALSE
	EndGlobalSection
	GlobalSection(NestedProjects) = preSolution
		{90A3A8B8-78FA-4DAC-9EFD-AA865BA8EA23} = {02EA681E-C7D8-13C7-8484-4AC65E1B71E8}
		{45198A82-A044-4498-A2AD-14877C6BE6CD} = {02EA681E-C7D8-13C7-8484-4AC65E1B71E8}
		{D02CFE4C-1A6B-495E-998C-C8048176C0D0} = {02EA681E-C7D8-13C7-8484-4AC65E1B71E8}
		{56B0C11E-EF43-4D3C-BF78-79004DA31DC8} = {02EA681E-C7D8-13C7-8484-4AC65E1B71E8}
		{CB86C2FB-20AB-4364-8EB1-602EAD09221C} = {02EA681E-C7D8-13C7-8484-4AC65E1B71E8}
		{E3B74F13-C9B8-4D57-BF29-668953C6E598} = {F914B69C-185C-4041-AE55-2457CED7E931}
		{ED0F7741-41F0-4351-B1B1-7098D200A662} = {F914B69C-185C-4041-AE55-2457CED7E931}
		{F914B69C-185C-4041-AE55-2457CED7E931} = {02EA681E-C7D8-13C7-8484-4AC65E1B71E8}
		{7DE6CFB8-9546-40F7-B7D8-F3AA128E6469} = {F914B69C-185C-4041-AE55-2457CED7E931}
		{5CF01927-D3BE-49FC-995D-D254E84C7265} = {F914B69C-185C-4041-AE55-2457CED7E931}
		{5BA22E01-DE56-4362-EB18-5942A71A3F77} = {02EA681E-C7D8-13C7-8484-4AC65E1B71E8}
		{3790BE58-A238-479D-AD3E-24BA0BC5067D} = {02EA681E-C7D8-13C7-8484-4AC65E1B71E8}
	EndGlobalSection
	GlobalSection(ExtensibilityGlobals) = postSolution
		SolutionGuid = {D90312A3-CD16-4F59-BCB0-01749746169D}
	EndGlobalSection
EndGlobal
